
Microsoft Visual Studio Solution File, Format Version 12.00
# Visual Studio 14
VisualStudioVersion = 14.0.23107.0
MinimumVisualStudioVersion = 10.0.40219.1
Project("{FAE04EC0-301F-11D3-BF4B-00C04F79EFBC}") = "Graphs", "Graphs\Graphs.csproj", "{CADC8D7A-1BDA-42F6-B0D4-D5A3D0FC28AC}"
EndProject
Project("{FAE04EC0-301F-11D3-BF4B-00C04F79EFBC}") = "Graph1", "Graph1\Graph1.csproj", "{FC2540A7-24B2-4784-8023-F242C98198CA}"
EndProject
Project("{FAE04EC0-301F-11D3-BF4B-00C04F79EFBC}") = "GraphsForms", "GraphsForms\GraphsForms.csproj", "{C4B2ECEC-9E36-4796-B33E-D2FB347C0C3E}"
EndProject
Global
	GlobalSection(SolutionConfigurationPlatforms) = preSolution
		Debug|Any CPU = Debug|Any CPU
		Release|Any CPU = Release|Any CPU
	EndGlobalSection
	GlobalSection(ProjectConfigurationPlatforms) = postSolution
		{CADC8D7A-1BDA-42F6-B0D4-D5A3D0FC28AC}.Debug|Any CPU.ActiveCfg = Debug|Any CPU
		{CADC8D7A-1BDA-42F6-B0D4-D5A3D0FC28AC}.Debug|Any CPU.Build.0 = Debug|Any CPU
		{CADC8D7A-1BDA-42F6-B0D4-D5A3D0FC28AC}.Release|Any CPU.ActiveCfg = Release|Any CPU
		{CADC8D7A-1BDA-42F6-B0D4-D5A3D0FC28AC}.Release|Any CPU.Build.0 = Release|Any CPU
		{FC2540A7-24B2-4784-8023-F242C98198CA}.Debug|Any CPU.ActiveCfg = Debug|Any CPU
		{FC2540A7-24B2-4784-8023-F242C98198CA}.Debug|Any CPU.Build.0 = Debug|Any CPU
		{FC2540A7-24B2-4784-8023-F242C98198CA}.Release|Any CPU.ActiveCfg = Release|Any CPU
		{FC2540A7-24B2-4784-8023-F242C98198CA}.Release|Any CPU.Build.0 = Release|Any CPU
		{C4B2ECEC-9E36-4796-B33E-D2FB347C0C3E}.Debug|Any CPU.ActiveCfg = Debug|Any CPU
		{C4B2ECEC-9E36-4796-B33E-D2FB347C0C3E}.Debug|Any CPU.Build.0 = Debug|Any CPU
		{C4B2ECEC-9E36-4796-B33E-D2FB347C0C3E}.Release|Any CPU.ActiveCfg = Release|Any CPU
		{C4B2ECEC-9E36-4796-B33E-D2FB347C0C3E}.Release|Any CPU.Build.0 = Release|Any CPU
	EndGlobalSection
	GlobalSection(SolutionProperties) = preSolution
		HideSolutionNode = FALSE
	EndGlobalSection
EndGlobal
